// !$*UTF8*$!
{
	archiveVersion = 1;
	classes = {
	};
	objectVersion = 46;
	objects = {

/* Begin PBXBuildFile section */
		9C5ABF1E9C31D8245B157052 /* Pods_Amigos.framework in Frameworks */ = {isa = PBXBuildFile; fileRef = EC40299329356F1EEA7555A1 /* Pods_Amigos.framework */; };
		EF55DF651EDCCDFE003F3BC4 /* AppDelegate.swift in Sources */ = {isa = PBXBuildFile; fileRef = EF55DF641EDCCDFE003F3BC4 /* AppDelegate.swift */; };
		EF55DF671EDCCDFE003F3BC4 /* ViewController.swift in Sources */ = {isa = PBXBuildFile; fileRef = EF55DF661EDCCDFE003F3BC4 /* ViewController.swift */; };
		EF55DF6A1EDCCDFE003F3BC4 /* Main.storyboard in Resources */ = {isa = PBXBuildFile; fileRef = EF55DF681EDCCDFE003F3BC4 /* Main.storyboard */; };
		EF55DF6C1EDCCDFE003F3BC4 /* Assets.xcassets in Resources */ = {isa = PBXBuildFile; fileRef = EF55DF6B1EDCCDFE003F3BC4 /* Assets.xcassets */; };
		EF55DF6F1EDCCDFE003F3BC4 /* LaunchScreen.storyboard in Resources */ = {isa = PBXBuildFile; fileRef = EF55DF6D1EDCCDFE003F3BC4 /* LaunchScreen.storyboard */; };
		EF55DF771EDCDBBE003F3BC4 /* GoogleService-Info.plist in Resources */ = {isa = PBXBuildFile; fileRef = EF55DF761EDCDBBE003F3BC4 /* GoogleService-Info.plist */; };
		EF55DF791EDD1657003F3BC4 /* SignUpViewController.swift in Sources */ = {isa = PBXBuildFile; fileRef = EF55DF781EDD1657003F3BC4 /* SignUpViewController.swift */; };
		EF55DF7B1EE393ED003F3BC4 /* LoginViewController.swift in Sources */ = {isa = PBXBuildFile; fileRef = EF55DF7A1EE393ED003F3BC4 /* LoginViewController.swift */; };
/* End PBXBuildFile section */

/* Begin PBXFileReference section */
		CD4C420DC2C87AA5EA5CD8CA /* Pods-Amigos.debug.xcconfig */ = {isa = PBXFileReference; includeInIndex = 1; lastKnownFileType = text.xcconfig; name = "Pods-Amigos.debug.xcconfig"; path = "Pods/Target Support Files/Pods-Amigos/Pods-Amigos.debug.xcconfig"; sourceTree = "<group>"; };
		EC40299329356F1EEA7555A1 /* Pods_Amigos.framework */ = {isa = PBXFileReference; explicitFileType = wrapper.framework; includeInIndex = 0; path = Pods_Amigos.framework; sourceTree = BUILT_PRODUCTS_DIR; };
		EF55DF611EDCCDFE003F3BC4 /* Amigos.app */ = {isa = PBXFileReference; explicitFileType = wrapper.application; includeInIndex = 0; path = Amigos.app; sourceTree = BUILT_PRODUCTS_DIR; };
		EF55DF641EDCCDFE003F3BC4 /* AppDelegate.swift */ = {isa = PBXFileReference; lastKnownFileType = sourcecode.swift; path = AppDelegate.swift; sourceTree = "<group>"; };
		EF55DF661EDCCDFE003F3BC4 /* ViewController.swift */ = {isa = PBXFileReference; lastKnownFileType = sourcecode.swift; path = ViewController.swift; sourceTree = "<group>"; };
		EF55DF691EDCCDFE003F3BC4 /* Base */ = {isa = PBXFileReference; lastKnownFileType = file.storyboard; name = Base; path = Base.lproj/Main.storyboard; sourceTree = "<group>"; };
		EF55DF6B1EDCCDFE003F3BC4 /* Assets.xcassets */ = {isa = PBXFileReference; lastKnownFileType = folder.assetcatalog; path = Assets.xcassets; sourceTree = "<group>"; };
		EF55DF6E1EDCCDFE003F3BC4 /* Base */ = {isa = PBXFileReference; lastKnownFileType = file.storyboard; name = Base; path = Base.lproj/LaunchScreen.storyboard; sourceTree = "<group>"; };
		EF55DF701EDCCDFE003F3BC4 /* Info.plist */ = {isa = PBXFileReference; lastKnownFileType = text.plist.xml; path = Info.plist; sourceTree = "<group>"; };
		EF55DF761EDCDBBE003F3BC4 /* GoogleService-Info.plist */ = {isa = PBXFileReference; fileEncoding = 4; lastKnownFileType = text.plist.xml; name = "GoogleService-Info.plist"; path = "../../../../../Downloads/GoogleService-Info.plist"; sourceTree = "<group>"; };
		EF55DF781EDD1657003F3BC4 /* SignUpViewController.swift */ = {isa = PBXFileReference; fileEncoding = 4; lastKnownFileType = sourcecode.swift; path = SignUpViewController.swift; sourceTree = "<group>"; };
		EF55DF7A1EE393ED003F3BC4 /* LoginViewController.swift */ = {isa = PBXFileReference; fileEncoding = 4; lastKnownFileType = sourcecode.swift; path = LoginViewController.swift; sourceTree = "<group>"; };
		FB6B5177904E40546B9B853B /* Pods-Amigos.release.xcconfig */ = {isa = PBXFileReference; includeInIndex = 1; lastKnownFileType = text.xcconfig; name = "Pods-Amigos.release.xcconfig"; path = "Pods/Target Support Files/Pods-Amigos/Pods-Amigos.release.xcconfig"; sourceTree = "<group>"; };
/* End PBXFileReference section */

/* Begin PBXFrameworksBuildPhase section */
		EF55DF5E1EDCCDFE003F3BC4 /* Frameworks */ = {
			isa = PBXFrameworksBuildPhase;
			buildActionMask = 2147483647;
			files = (
				9C5ABF1E9C31D8245B157052 /* Pods_Amigos.framework in Frameworks */,
			);
			runOnlyForDeploymentPostprocessing = 0;
		};
/* End PBXFrameworksBuildPhase section */

/* Begin PBXGroup section */
		3971586E43C0E46318FDB34A /* Pods */ = {
			isa = PBXGroup;
			children = (
				CD4C420DC2C87AA5EA5CD8CA /* Pods-Amigos.debug.xcconfig */,
				FB6B5177904E40546B9B853B /* Pods-Amigos.release.xcconfig */,
			);
			name = Pods;
			sourceTree = "<group>";
		};
		561A5C74794F1B14CC6F3A28 /* Frameworks */ = {
			isa = PBXGroup;
			children = (
				EC40299329356F1EEA7555A1 /* Pods_Amigos.framework */,
			);
			name = Frameworks;
			sourceTree = "<group>";
		};
		EF55DF581EDCCDFE003F3BC4 = {
			isa = PBXGroup;
			children = (
				EF55DF631EDCCDFE003F3BC4 /* Amigos */,
				EF55DF621EDCCDFE003F3BC4 /* Products */,
				3971586E43C0E46318FDB34A /* Pods */,
				561A5C74794F1B14CC6F3A28 /* Frameworks */,
			);
			sourceTree = "<group>";
		};
		EF55DF621EDCCDFE003F3BC4 /* Products */ = {
			isa = PBXGroup;
			children = (
				EF55DF611EDCCDFE003F3BC4 /* Amigos.app */,
			);
			name = Products;
			sourceTree = "<group>";
		};
		EF55DF631EDCCDFE003F3BC4 /* Amigos */ = {
			isa = PBXGroup;
			children = (
				EF55DF641EDCCDFE003F3BC4 /* AppDelegate.swift */,
				EF55DF661EDCCDFE003F3BC4 /* ViewController.swift */,
				EF55DF781EDD1657003F3BC4 /* SignUpViewController.swift */,
				EF55DF7A1EE393ED003F3BC4 /* LoginViewController.swift */,
				EF55DF681EDCCDFE003F3BC4 /* Main.storyboard */,
				EF55DF6B1EDCCDFE003F3BC4 /* Assets.xcassets */,
				EF55DF6D1EDCCDFE003F3BC4 /* LaunchScreen.storyboard */,
				EF55DF701EDCCDFE003F3BC4 /* Info.plist */,
				EF55DF761EDCDBBE003F3BC4 /* GoogleService-Info.plist */,
			);
			path = Amigos;
			sourceTree = "<group>";
		};
/* End PBXGroup section */

/* Begin PBXNativeTarget section */
		EF55DF601EDCCDFE003F3BC4 /* Amigos */ = {
			isa = PBXNativeTarget;
			buildConfigurationList = EF55DF731EDCCDFE003F3BC4 /* Build configuration list for PBXNativeTarget "Amigos" */;
			buildPhases = (
				0A7697F6E5C8F3B3E1559701 /* [CP] Check Pods Manifest.lock */,
				EF55DF5D1EDCCDFE003F3BC4 /* Sources */,
				EF55DF5E1EDCCDFE003F3BC4 /* Frameworks */,
				EF55DF5F1EDCCDFE003F3BC4 /* Resources */,
				37338E2690879E46103CF5FF /* [CP] Embed Pods Frameworks */,
				732D5C6E6F4E818E37978CC3 /* [CP] Copy Pods Resources */,
			);
			buildRules = (
			);
			dependencies = (
			);
			name = Amigos;
			productName = Amigos;
			productReference = EF55DF611EDCCDFE003F3BC4 /* Amigos.app */;
			productType = "com.apple.product-type.application";
		};
/* End PBXNativeTarget section */

/* Begin PBXProject section */
		EF55DF591EDCCDFE003F3BC4 /* Project object */ = {
			isa = PBXProject;
			attributes = {
				LastSwiftUpdateCheck = 0820;
				LastUpgradeCheck = 0820;
				ORGANIZATIONNAME = "amarjit singh";
				TargetAttributes = {
					EF55DF601EDCCDFE003F3BC4 = {
						CreatedOnToolsVersion = 8.2.1;
						DevelopmentTeam = Q2QEY8CZW7;
						ProvisioningStyle = Automatic;
					};
				};
			};
			buildConfigurationList = EF55DF5C1EDCCDFE003F3BC4 /* Build configuration list for PBXProject "Amigos" */;
			compatibilityVersion = "Xcode 3.2";
			developmentRegion = English;
			hasScannedForEncodings = 0;
			knownRegions = (
				en,
				Base,
			);
			mainGroup = EF55DF581EDCCDFE003F3BC4;
			productRefGroup = EF55DF621EDCCDFE003F3BC4 /* Products */;
			projectDirPath = "";
			projectRoot = "";
			targets = (
				EF55DF601EDCCDFE003F3BC4 /* Amigos */,
			);
		};
/* End PBXProject section */

/* Begin PBXResourcesBuildPhase section */
		EF55DF5F1EDCCDFE003F3BC4 /* Resources */ = {
			isa = PBXResourcesBuildPhase;
			buildActionMask = 2147483647;
			files = (
				EF55DF6F1EDCCDFE003F3BC4 /* LaunchScreen.storyboard in Resources */,
				EF55DF771EDCDBBE003F3BC4 /* GoogleService-Info.plist in Resources */,
				EF55DF6C1EDCCDFE003F3BC4 /* Assets.xcassets in Resources */,
				EF55DF6A1EDCCDFE003F3BC4 /* Main.storyboard in Resources */,
			);
			runOnlyForDeploymentPostprocessing = 0;
		};
/* End PBXResourcesBuildPhase section */

/* Begin PBXShellScriptBuildPhase section */
		0A7697F6E5C8F3B3E1559701 /* [CP] Check Pods Manifest.lock */ = {
			isa = PBXShellScriptBuildPhase;
			buildActionMask = 2147483647;
			files = (
			);
			inputPaths = (
			);
			name = "[CP] Check Pods Manifest.lock";
			outputPaths = (
			);
			runOnlyForDeploymentPostprocessing = 0;
			shellPath = /bin/sh;
			shellScript = "diff \"${PODS_ROOT}/../Podfile.lock\" \"${PODS_ROOT}/Manifest.lock\" > /dev/null\nif [[ $? != 0 ]] ; then\n    cat << EOM\nerror: The sandbox is not in sync with the Podfile.lock. Run 'pod install' or update your CocoaPods installation.\nEOM\n    exit 1\nfi\n";
			showEnvVarsInLog = 0;
		};
		37338E2690879E46103CF5FF /* [CP] Embed Pods Frameworks */ = {
			isa = PBXShellScriptBuildPhase;
			buildActionMask = 2147483647;
			files = (
			);
			inputPaths = (
			);
			name = "[CP] Embed Pods Frameworks";
			outputPaths = (
			);
			runOnlyForDeploymentPostprocessing = 0;
			shellPath = /bin/sh;
			shellScript = "\"${SRCROOT}/Pods/Target Support Files/Pods-Amigos/Pods-Amigos-frameworks.sh\"\n";
			showEnvVarsInLog = 0;
		};
		732D5C6E6F4E818E37978CC3 /* [CP] Copy Pods Resources */ = {
			isa = PBXShellScriptBuildPhase;
			buildActionMask = 2147483647;
			files = (
			);
			inputPaths = (
			);
			name = "[CP] Copy Pods Resources";
			outputPaths = (
			);
			runOnlyForDeploymentPostprocessing = 0;
			shellPath = /bin/sh;
			shellScript = "\"${SRCROOT}/Pods/Target Support Files/Pods-Amigos/Pods-Amigos-resources.sh\"\n";
			showEnvVarsInLog = 0;
		};
/* End PBXShellScriptBuildPhase section */

/* Begin PBXSourcesBuildPhase section */
		EF55DF5D1EDCCDFE003F3BC4 /* Sources */ = {
			isa = PBXSourcesBuildPhase;
			buildActionMask = 2147483647;
			files = (
				EF55DF7B1EE393ED003F3BC4 /* LoginViewController.swift in Sources */,
				EF55DF791EDD1657003F3BC4 /* SignUpViewController.swift in Sources */,
				EF55DF671EDCCDFE003F3BC4 /* ViewController.swift in Sources */,
				EF55DF651EDCCDFE003F3BC4 /* AppDelegate.swift in Sources */,
			);
			runOnlyForDeploymentPostprocessing = 0;
		};
/* End PBXSourcesBuildPhase section */

/* Begin PBXVariantGroup section */
		EF55DF681EDCCDFE003F3BC4 /* Main.storyboard */ = {
			isa = PBXVariantGroup;
			children = (
				EF55DF691EDCCDFE003F3BC4 /* Base */,
			);
			name = Main.storyboard;
			sourceTree = "<group>";
		};
		EF55DF6D1EDCCDFE003F3BC4 /* LaunchScreen.storyboard */ = {
			isa = PBXVariantGroup;
			children = (
				EF55DF6E1EDCCDFE003F3BC4 /* Base */,
			);
			name = LaunchScreen.storyboard;
			sourceTree = "<group>";
		};
/* End PBXVariantGroup section */

/* Begin XCBuildConfiguration section */
		EF55DF711EDCCDFE003F3BC4 /* Debug */ = {
			isa = XCBuildConfiguration;
			buildSettings = {
				ALWAYS_SEARCH_USER_PATHS = NO;
				CLANG_ANALYZER_NONNULL = YES;
				CLANG_CXX_LANGUAGE_STANDARD = "gnu++0x";
				CLANG_CXX_LIBRARY = "libc++";
				CLANG_ENABLE_MODULES = YES;
				CLANG_ENABLE_OBJC_ARC = YES;
				CLANG_WARN_BOOL_CONVERSION = YES;
				CLANG_WARN_CONSTANT_CONVERSION = YES;
				CLANG_WARN_DIRECT_OBJC_ISA_USAGE = YES_ERROR;
				CLANG_WARN_DOCUMENTATION_COMMENTS = YES;
				CLANG_WARN_EMPTY_BODY = YES;
				CLANG_WARN_ENUM_CONVERSION = YES;
				CLANG_WARN_INFINITE_RECURSION = YES;
				CLANG_WARN_INT_CONVERSION = YES;
				CLANG_WARN_OBJC_ROOT_CLASS = YES_ERROR;
				CLANG_WARN_SUSPICIOUS_MOVE = YES;
				CLANG_WARN_UNREACHABLE_CODE = YES;
				CLANG_WARN__DUPLICATE_METHOD_MATCH = YES;
				"CODE_SIGN_IDENTITY[sdk=iphoneos*]" = "iPhone Developer";
				COPY_PHASE_STRIP = NO;
				DEBUG_INFORMATION_FORMAT = dwarf;
				ENABLE_STRICT_OBJC_MSGSEND = YES;
				ENABLE_TESTABILITY = YES;
				GCC_C_LANGUAGE_STANDARD = gnu99;
				GCC_DYNAMIC_NO_PIC = NO;
				GCC_NO_COMMON_BLOCKS = YES;
				GCC_OPTIMIZATION_LEVEL = 0;
				GCC_PREPROCESSOR_DEFINITIONS = (
					"DEBUG=1",
					"$(inherited)",
				);
				GCC_WARN_64_TO_32_BIT_CONVERSION = YES;
				GCC_WARN_ABOUT_RETURN_TYPE = YES_ERROR;
				GCC_WARN_UNDECLARED_SELECTOR = YES;
				GCC_WARN_UNINITIALIZED_AUTOS = YES_AGGRESSIVE;
				GCC_WARN_UNUSED_FUNCTION = YES;
				GCC_WARN_UNUSED_VARIABLE = YES;
				IPHONEOS_DEPLOYMENT_TARGET = 10.2;
				MTL_ENABLE_DEBUG_INFO = YES;
				ONLY_ACTIVE_ARCH = YES;
				SDKROOT = iphoneos;
				SWIFT_ACTIVE_COMPILATION_CONDITIONS = DEBUG;
				SWIFT_OPTIMIZATION_LEVEL = "-Onone";
			};
			name = Debug;
		};
		EF55DF721EDCCDFE003F3BC4 /* Release */ = {
			isa = XCBuildConfiguration;
			buildSettings = {
				ALWAYS_SEARCH_USER_PATHS = NO;
				CLANG_ANALYZER_NONNULL = YES;
				CLANG_CXX_LANGUAGE_STANDARD = "gnu++0x";
				CLANG_CXX_LIBRARY = "libc++";
				CLANG_ENABLE_MODULES = YES;
				CLANG_ENABLE_OBJC_ARC = YES;
				CLANG_WARN_BOOL_CONVERSION = YES;
				CLANG_WARN_CONSTANT_CONVERSION = YES;
				CLANG_WARN_DIRECT_OBJC_ISA_USAGE = YES_ERROR;
				CLANG_WARN_DOCUMENTATION_COMMENTS = YES;
				CLANG_WARN_EMPTY_BODY = YES;
				CLANG_WARN_ENUM_CONVERSION = YES;
				CLANG_WARN_INFINITE_RECURSION = YES;
				CLANG_WARN_INT_CONVERSION = YES;
				CLANG_WARN_OBJC_ROOT_CLASS = YES_ERROR;
				CLANG_WARN_SUSPICIOUS_MOVE = YES;
				CLANG_WARN_UNREACHABLE_CODE = YES;
				CLANG_WARN__DUPLICATE_METHOD_MATCH = YES;
				"CODE_SIGN_IDENTITY[sdk=iphoneos*]" = "iPhone Developer";
				COPY_PHASE_STRIP = NO;
				DEBUG_INFORMATION_FORMAT = "dwarf-with-dsym";
				ENABLE_NS_ASSERTIONS = NO;
				ENABLE_STRICT_OBJC_MSGSEND = YES;
				GCC_C_LANGUAGE_STANDARD = gnu99;
				GCC_NO_COMMON_BLOCKS = YES;
				GCC_WARN_64_TO_32_BIT_CONVERSION = YES;
				GCC_WARN_ABOUT_RETURN_TYPE = YES_ERROR;
				GCC_WARN_UNDECLARED_SELECTOR = YES;
				GCC_WARN_UNINITIALIZED_AUTOS = YES_AGGRESSIVE;
				GCC_WARN_UNUSED_FUNCTION = YES;
				GCC_WARN_UNUSED_VARIABLE = YES;
				IPHONEOS_DEPLOYMENT_TARGET = 10.2;
				MTL_ENABLE_DEBUG_INFO = NO;
				SDKROOT = iphoneos;
				SWIFT_OPTIMIZATION_LEVEL = "-Owholemodule";
				VALIDATE_PRODUCT = YES;
			};
			name = Release;
		};
		EF55DF741EDCCDFE003F3BC4 /* Debug */ = {
			isa = XCBuildConfiguration;
			baseConfigurationReference = CD4C420DC2C87AA5EA5CD8CA /* Pods-Amigos.debug.xcconfig */;
			buildSettings = {
				ASSETCATALOG_COMPILER_APPICON_NAME = AppIcon;
				DEVELOPMENT_TEAM = Q2QEY8CZW7;
				INFOPLIST_FILE = Amigos/Info.plist;
				LD_RUNPATH_SEARCH_PATHS = "$(inherited) @executable_path/Frameworks";
				PRODUCT_BUNDLE_IDENTIFIER = com.amarjit.singh.Amigos;
				PRODUCT_NAME = "$(TARGET_NAME)";
				SWIFT_VERSION = 3.0;
			};
			name = Debug;
		};
		EF55DF751EDCCDFE003F3BC4 /* Release */ = {
			isa = XCBuildConfiguration;
			baseConfigurationReference = FB6B5177904E40546B9B853B /* Pods-Amigos.release.xcconfig */;
			buildSettings = {
				ASSETCATALOG_COMPILER_APPICON_NAME = AppIcon;
				DEVELOPMENT_TEAM = Q2QEY8CZW7;
				INFOPLIST_FILE = Amigos/Info.plist;
				LD_RUNPATH_SEARCH_PATHS = "$(inherited) @executable_path/Frameworks";
				PRODUCT_BUNDLE_IDENTIFIER = com.amarjit.singh.Amigos;
				PRODUCT_NAME = "$(TARGET_NAME)";
				SWIFT_VERSION = 3.0;
			};
			name = Release;
		};
/* End XCBuildConfiguration section */

/* Begin XCConfigurationList section */
		EF55DF5C1EDCCDFE003F3BC4 /* Build configuration list for PBXProject "Amigos" */ = {
			isa = XCConfigurationList;
			buildConfigurations = (
				EF55DF711EDCCDFE003F3BC4 /* Debug */,
				EF55DF721EDCCDFE003F3BC4 /* Release */,
			);
			defaultConfigurationIsVisible = 0;
			defaultConfigurationName = Release;
		};
		EF55DF731EDCCDFE003F3BC4 /* Build configuration list for PBXNativeTarget "Amigos" */ = {
			isa = XCConfigurationList;
			buildConfigurations = (
				EF55DF741EDCCDFE003F3BC4 /* Debug */,
				EF55DF751EDCCDFE003F3BC4 /* Release */,
			);
			defaultConfigurationIsVisible = 0;
			defaultConfigurationName = Release;
		};
/* End XCConfigurationList section */
	};
	rootObject = EF55DF591EDCCDFE003F3BC4 /* Project object */;
}
